// !$*UTF8*$!
{
	archiveVersion = 1;
	classes = {
	};
	objectVersion = 46;
	objects = {

/* Begin PBXBuildFile section */
		3249893CE1544D888E9D84CF /* libPods-RecordMe.a in Frameworks */ = {isa = PBXBuildFile; fileRef = D1CA57E2F1414156B4A6086B /* libPods-RecordMe.a */; };
		36867B9D3B9EECB6DF5F3205 /* YQEvent.m in Sources */ = {isa = PBXBuildFile; fileRef = 36867D64CB8BC43FC1A4CF84 /* YQEvent.m */; };
		36867CF8A4B04EF134F8DC0F /* avatar.png in Resources */ = {isa = PBXBuildFile; fileRef = 36867A5B0388F1C64CF98982 /* avatar.png */; };
		4415807718438B9D00D8ECE3 /* add.png in Resources */ = {isa = PBXBuildFile; fileRef = 4415807318438B9D00D8ECE3 /* add.png */; };
		4415807818438B9D00D8ECE3 /* calendar.png in Resources */ = {isa = PBXBuildFile; fileRef = 4415807418438B9D00D8ECE3 /* calendar.png */; };
		4415807918438B9D00D8ECE3 /* heart.png in Resources */ = {isa = PBXBuildFile; fileRef = 4415807518438B9D00D8ECE3 /* heart.png */; };
		4415807A18438B9D00D8ECE3 /* settings.png in Resources */ = {isa = PBXBuildFile; fileRef = 4415807618438B9D00D8ECE3 /* settings.png */; };
		446151A3184228A5000D4745 /* Foundation.framework in Frameworks */ = {isa = PBXBuildFile; fileRef = 446151A2184228A5000D4745 /* Foundation.framework */; };
		446151A5184228A5000D4745 /* CoreGraphics.framework in Frameworks */ = {isa = PBXBuildFile; fileRef = 446151A4184228A5000D4745 /* CoreGraphics.framework */; };
		446151A7184228A5000D4745 /* UIKit.framework in Frameworks */ = {isa = PBXBuildFile; fileRef = 446151A6184228A5000D4745 /* UIKit.framework */; };
		446151AD184228A5000D4745 /* InfoPlist.strings in Resources */ = {isa = PBXBuildFile; fileRef = 446151AB184228A5000D4745 /* InfoPlist.strings */; };
		446151AF184228A5000D4745 /* main.m in Sources */ = {isa = PBXBuildFile; fileRef = 446151AE184228A5000D4745 /* main.m */; };
		446151B3184228A5000D4745 /* YQAppDelegate.m in Sources */ = {isa = PBXBuildFile; fileRef = 446151B2184228A5000D4745 /* YQAppDelegate.m */; };
		446151B5184228A5000D4745 /* Images.xcassets in Resources */ = {isa = PBXBuildFile; fileRef = 446151B4184228A5000D4745 /* Images.xcassets */; };
		446151BC184228A5000D4745 /* XCTest.framework in Frameworks */ = {isa = PBXBuildFile; fileRef = 446151BB184228A5000D4745 /* XCTest.framework */; };
		446151BD184228A5000D4745 /* Foundation.framework in Frameworks */ = {isa = PBXBuildFile; fileRef = 446151A2184228A5000D4745 /* Foundation.framework */; };
		446151BE184228A5000D4745 /* UIKit.framework in Frameworks */ = {isa = PBXBuildFile; fileRef = 446151A6184228A5000D4745 /* UIKit.framework */; };
		446151C6184228A5000D4745 /* InfoPlist.strings in Resources */ = {isa = PBXBuildFile; fileRef = 446151C4184228A5000D4745 /* InfoPlist.strings */; };
		446151C8184228A5000D4745 /* RecordMeTests.m in Sources */ = {isa = PBXBuildFile; fileRef = 446151C7184228A5000D4745 /* RecordMeTests.m */; };
		446151D618423CBA000D4745 /* YQMainViewController.m in Sources */ = {isa = PBXBuildFile; fileRef = 446151D418423CBA000D4745 /* YQMainViewController.m */; };
		4937D87F1847580400A802E7 /* Reveal.framework in Frameworks */ = {isa = PBXBuildFile; fileRef = 4937D87E1847580400A802E7 /* Reveal.framework */; };
		493DE51718432CB1004C5B8A /* YQMainViewController.xib in Resources */ = {isa = PBXBuildFile; fileRef = 493DE51618432CB1004C5B8A /* YQMainViewController.xib */; };
		494936F41842F5DB001CC484 /* YQCircularImageView.m in Sources */ = {isa = PBXBuildFile; fileRef = 494936F31842F5DB001CC484 /* YQCircularImageView.m */; };
		494936F6184302C0001CC484 /* QuartzCore.framework in Frameworks */ = {isa = PBXBuildFile; fileRef = 494936F5184302C0001CC484 /* QuartzCore.framework */; };
		49A0EAEE18444A7E004B8D31 /* YQListViewController.m in Sources */ = {isa = PBXBuildFile; fileRef = 49A0EAEC18444A7E004B8D31 /* YQListViewController.m */; };
		49A0EAEF18444A7E004B8D31 /* YQListViewController.xib in Resources */ = {isa = PBXBuildFile; fileRef = 49A0EAED18444A7E004B8D31 /* YQListViewController.xib */; };
		49A8E81C18434BDA0018341A /* Accelerate.framework in Frameworks */ = {isa = PBXBuildFile; fileRef = 49A8E81B18434BDA0018341A /* Accelerate.framework */; };
		49A8E82718434D340018341A /* arrow.png in Resources */ = {isa = PBXBuildFile; fileRef = 49A8E81E18434D330018341A /* arrow.png */; };
		49A8E82818434D340018341A /* attachment.png in Resources */ = {isa = PBXBuildFile; fileRef = 49A8E81F18434D330018341A /* attachment.png */; };
		49A8E82918434D340018341A /* block.png in Resources */ = {isa = PBXBuildFile; fileRef = 49A8E82018434D330018341A /* block.png */; };
		49A8E82A18434D340018341A /* bluetooth.png in Resources */ = {isa = PBXBuildFile; fileRef = 49A8E82118434D330018341A /* bluetooth.png */; };
		49A8E82B18434D340018341A /* cube.png in Resources */ = {isa = PBXBuildFile; fileRef = 49A8E82218434D330018341A /* cube.png */; };
		49A8E82C18434D340018341A /* download.png in Resources */ = {isa = PBXBuildFile; fileRef = 49A8E82318434D330018341A /* download.png */; };
		49A8E82D18434D340018341A /* enter.png in Resources */ = {isa = PBXBuildFile; fileRef = 49A8E82418434D330018341A /* enter.png */; };
		49A8E82E18434D340018341A /* file.png in Resources */ = {isa = PBXBuildFile; fileRef = 49A8E82518434D340018341A /* file.png */; };
		49A8E82F18434D340018341A /* github.png in Resources */ = {isa = PBXBuildFile; fileRef = 49A8E82618434D340018341A /* github.png */; };
/* End PBXBuildFile section */

/* Begin PBXContainerItemProxy section */
		446151BF184228A5000D4745 /* PBXContainerItemProxy */ = {
			isa = PBXContainerItemProxy;
			containerPortal = 44615197184228A5000D4745 /* Project object */;
			proxyType = 1;
			remoteGlobalIDString = 4461519E184228A5000D4745;
			remoteInfo = RecordMe;
		};
/* End PBXContainerItemProxy section */

/* Begin PBXFileReference section */
		36867A5B0388F1C64CF98982 /* avatar.png */ = {isa = PBXFileReference; lastKnownFileType = image.png; path = avatar.png; sourceTree = "<group>"; };
		36867BC873380284B22FF632 /* YQEvent.h */ = {isa = PBXFileReference; fileEncoding = 4; lastKnownFileType = sourcecode.c.h; path = YQEvent.h; sourceTree = "<group>"; };
		36867D64CB8BC43FC1A4CF84 /* YQEvent.m */ = {isa = PBXFileReference; fileEncoding = 4; lastKnownFileType = sourcecode.c.objc; path = YQEvent.m; sourceTree = "<group>"; };
		4415807318438B9D00D8ECE3 /* add.png */ = {isa = PBXFileReference; lastKnownFileType = image.png; path = add.png; sourceTree = "<group>"; };
		4415807418438B9D00D8ECE3 /* calendar.png */ = {isa = PBXFileReference; lastKnownFileType = image.png; path = calendar.png; sourceTree = "<group>"; };
		4415807518438B9D00D8ECE3 /* heart.png */ = {isa = PBXFileReference; lastKnownFileType = image.png; path = heart.png; sourceTree = "<group>"; };
		4415807618438B9D00D8ECE3 /* settings.png */ = {isa = PBXFileReference; lastKnownFileType = image.png; path = settings.png; sourceTree = "<group>"; };
		4461519F184228A5000D4745 /* RecordMe.app */ = {isa = PBXFileReference; explicitFileType = wrapper.application; includeInIndex = 0; path = RecordMe.app; sourceTree = BUILT_PRODUCTS_DIR; };
		446151A2184228A5000D4745 /* Foundation.framework */ = {isa = PBXFileReference; lastKnownFileType = wrapper.framework; name = Foundation.framework; path = System/Library/Frameworks/Foundation.framework; sourceTree = SDKROOT; };
		446151A4184228A5000D4745 /* CoreGraphics.framework */ = {isa = PBXFileReference; lastKnownFileType = wrapper.framework; name = CoreGraphics.framework; path = System/Library/Frameworks/CoreGraphics.framework; sourceTree = SDKROOT; };
		446151A6184228A5000D4745 /* UIKit.framework */ = {isa = PBXFileReference; lastKnownFileType = wrapper.framework; name = UIKit.framework; path = System/Library/Frameworks/UIKit.framework; sourceTree = SDKROOT; };
		446151AA184228A5000D4745 /* RecordMe-Info.plist */ = {isa = PBXFileReference; lastKnownFileType = text.plist.xml; path = "RecordMe-Info.plist"; sourceTree = "<group>"; };
		446151AC184228A5000D4745 /* en */ = {isa = PBXFileReference; lastKnownFileType = text.plist.strings; name = en; path = en.lproj/InfoPlist.strings; sourceTree = "<group>"; };
		446151AE184228A5000D4745 /* main.m */ = {isa = PBXFileReference; lastKnownFileType = sourcecode.c.objc; path = main.m; sourceTree = "<group>"; };
		446151B0184228A5000D4745 /* RecordMe-Prefix.pch */ = {isa = PBXFileReference; lastKnownFileType = sourcecode.c.h; path = "RecordMe-Prefix.pch"; sourceTree = "<group>"; };
		446151B1184228A5000D4745 /* YQAppDelegate.h */ = {isa = PBXFileReference; lastKnownFileType = sourcecode.c.h; path = YQAppDelegate.h; sourceTree = "<group>"; };
		446151B2184228A5000D4745 /* YQAppDelegate.m */ = {isa = PBXFileReference; lastKnownFileType = sourcecode.c.objc; path = YQAppDelegate.m; sourceTree = "<group>"; };
		446151B4184228A5000D4745 /* Images.xcassets */ = {isa = PBXFileReference; lastKnownFileType = folder.assetcatalog; path = Images.xcassets; sourceTree = "<group>"; };
		446151BA184228A5000D4745 /* RecordMeTests.xctest */ = {isa = PBXFileReference; explicitFileType = wrapper.cfbundle; includeInIndex = 0; path = RecordMeTests.xctest; sourceTree = BUILT_PRODUCTS_DIR; };
		446151BB184228A5000D4745 /* XCTest.framework */ = {isa = PBXFileReference; lastKnownFileType = wrapper.framework; name = XCTest.framework; path = Library/Frameworks/XCTest.framework; sourceTree = DEVELOPER_DIR; };
		446151C3184228A5000D4745 /* RecordMeTests-Info.plist */ = {isa = PBXFileReference; lastKnownFileType = text.plist.xml; path = "RecordMeTests-Info.plist"; sourceTree = "<group>"; };
		446151C5184228A5000D4745 /* en */ = {isa = PBXFileReference; lastKnownFileType = text.plist.strings; name = en; path = en.lproj/InfoPlist.strings; sourceTree = "<group>"; };
		446151C7184228A5000D4745 /* RecordMeTests.m */ = {isa = PBXFileReference; lastKnownFileType = sourcecode.c.objc; path = RecordMeTests.m; sourceTree = "<group>"; };
		446151D318423CBA000D4745 /* YQMainViewController.h */ = {isa = PBXFileReference; fileEncoding = 4; lastKnownFileType = sourcecode.c.h; name = YQMainViewController.h; path = ../YQMainViewController.h; sourceTree = "<group>"; };
		446151D418423CBA000D4745 /* YQMainViewController.m */ = {isa = PBXFileReference; fileEncoding = 4; lastKnownFileType = sourcecode.c.objc; name = YQMainViewController.m; path = ../YQMainViewController.m; sourceTree = "<group>"; };
		4937D87E1847580400A802E7 /* Reveal.framework */ = {isa = PBXFileReference; lastKnownFileType = wrapper.framework; name = Reveal.framework; path = Framework/Reveal.framework; sourceTree = "<group>"; };
		493DE51618432CB1004C5B8A /* YQMainViewController.xib */ = {isa = PBXFileReference; fileEncoding = 4; lastKnownFileType = file.xib; name = YQMainViewController.xib; path = ../YQMainViewController.xib; sourceTree = "<group>"; };
		494936F21842F5DB001CC484 /* YQCircularImageView.h */ = {isa = PBXFileReference; fileEncoding = 4; lastKnownFileType = sourcecode.c.h; path = YQCircularImageView.h; sourceTree = "<group>"; };
		494936F31842F5DB001CC484 /* YQCircularImageView.m */ = {isa = PBXFileReference; fileEncoding = 4; lastKnownFileType = sourcecode.c.objc; path = YQCircularImageView.m; sourceTree = "<group>"; };
		494936F5184302C0001CC484 /* QuartzCore.framework */ = {isa = PBXFileReference; lastKnownFileType = wrapper.framework; name = QuartzCore.framework; path = System/Library/Frameworks/QuartzCore.framework; sourceTree = SDKROOT; };
		49A0EAEB18444A7E004B8D31 /* YQListViewController.h */ = {isa = PBXFileReference; fileEncoding = 4; lastKnownFileType = sourcecode.c.h; path = YQListViewController.h; sourceTree = "<group>"; };
		49A0EAEC18444A7E004B8D31 /* YQListViewController.m */ = {isa = PBXFileReference; fileEncoding = 4; lastKnownFileType = sourcecode.c.objc; path = YQListViewController.m; sourceTree = "<group>"; };
		49A0EAED18444A7E004B8D31 /* YQListViewController.xib */ = {isa = PBXFileReference; fileEncoding = 4; lastKnownFileType = file.xib; path = YQListViewController.xib; sourceTree = "<group>"; };
		49A8E81B18434BDA0018341A /* Accelerate.framework */ = {isa = PBXFileReference; lastKnownFileType = wrapper.framework; name = Accelerate.framework; path = System/Library/Frameworks/Accelerate.framework; sourceTree = SDKROOT; };
		49A8E81E18434D330018341A /* arrow.png */ = {isa = PBXFileReference; lastKnownFileType = image.png; path = arrow.png; sourceTree = "<group>"; };
		49A8E81F18434D330018341A /* attachment.png */ = {isa = PBXFileReference; lastKnownFileType = image.png; path = attachment.png; sourceTree = "<group>"; };
		49A8E82018434D330018341A /* block.png */ = {isa = PBXFileReference; lastKnownFileType = image.png; path = block.png; sourceTree = "<group>"; };
		49A8E82118434D330018341A /* bluetooth.png */ = {isa = PBXFileReference; lastKnownFileType = image.png; path = bluetooth.png; sourceTree = "<group>"; };
		49A8E82218434D330018341A /* cube.png */ = {isa = PBXFileReference; lastKnownFileType = image.png; path = cube.png; sourceTree = "<group>"; };
		49A8E82318434D330018341A /* download.png */ = {isa = PBXFileReference; lastKnownFileType = image.png; path = download.png; sourceTree = "<group>"; };
		49A8E82418434D330018341A /* enter.png */ = {isa = PBXFileReference; lastKnownFileType = image.png; path = enter.png; sourceTree = "<group>"; };
		49A8E82518434D340018341A /* file.png */ = {isa = PBXFileReference; lastKnownFileType = image.png; path = file.png; sourceTree = "<group>"; };
		49A8E82618434D340018341A /* github.png */ = {isa = PBXFileReference; lastKnownFileType = image.png; path = github.png; sourceTree = "<group>"; };
		78A344355F034F958F572860 /* Pods-RecordMe.xcconfig */ = {isa = PBXFileReference; includeInIndex = 1; lastKnownFileType = text.xcconfig; name = "Pods-RecordMe.xcconfig"; path = "Pods/Pods-RecordMe.xcconfig"; sourceTree = "<group>"; };
		D1CA57E2F1414156B4A6086B /* libPods-RecordMe.a */ = {isa = PBXFileReference; explicitFileType = archive.ar; includeInIndex = 0; path = "libPods-RecordMe.a"; sourceTree = BUILT_PRODUCTS_DIR; };
/* End PBXFileReference section */

/* Begin PBXFrameworksBuildPhase section */
		4461519C184228A5000D4745 /* Frameworks */ = {
			isa = PBXFrameworksBuildPhase;
			buildActionMask = 2147483647;
			files = (
				4937D87F1847580400A802E7 /* Reveal.framework in Frameworks */,
				49A8E81C18434BDA0018341A /* Accelerate.framework in Frameworks */,
				494936F6184302C0001CC484 /* QuartzCore.framework in Frameworks */,
				446151A5184228A5000D4745 /* CoreGraphics.framework in Frameworks */,
				446151A7184228A5000D4745 /* UIKit.framework in Frameworks */,
				446151A3184228A5000D4745 /* Foundation.framework in Frameworks */,
				3249893CE1544D888E9D84CF /* libPods-RecordMe.a in Frameworks */,
			);
			runOnlyForDeploymentPostprocessing = 0;
		};
		446151B7184228A5000D4745 /* Frameworks */ = {
			isa = PBXFrameworksBuildPhase;
			buildActionMask = 2147483647;
			files = (
				446151BC184228A5000D4745 /* XCTest.framework in Frameworks */,
				446151BE184228A5000D4745 /* UIKit.framework in Frameworks */,
				446151BD184228A5000D4745 /* Foundation.framework in Frameworks */,
			);
			runOnlyForDeploymentPostprocessing = 0;
		};
/* End PBXFrameworksBuildPhase section */

/* Begin PBXGroup section */
		368670B70DF4B170EE0D9E4B /* Resource */ = {
			isa = PBXGroup;
			children = (
				49A8E81D18434D330018341A /* icons */,
				36867A5B0388F1C64CF98982 /* avatar.png */,
			);
			path = Resource;
			sourceTree = "<group>";
		};
		36867679533CE26C31A2096D /* Model */ = {
			isa = PBXGroup;
			children = (
				36867D64CB8BC43FC1A4CF84 /* YQEvent.m */,
				36867BC873380284B22FF632 /* YQEvent.h */,
			);
			path = Model;
			sourceTree = "<group>";
		};
		44615196184228A5000D4745 = {
			isa = PBXGroup;
			children = (
				494936F5184302C0001CC484 /* QuartzCore.framework */,
				446151A8184228A5000D4745 /* RecordMe */,
				446151C1184228A5000D4745 /* RecordMeTests */,
				446151A1184228A5000D4745 /* Frameworks */,
				446151A0184228A5000D4745 /* Products */,
				368670B70DF4B170EE0D9E4B /* Resource */,
				78A344355F034F958F572860 /* Pods-RecordMe.xcconfig */,
			);
			sourceTree = "<group>";
		};
		446151A0184228A5000D4745 /* Products */ = {
			isa = PBXGroup;
			children = (
				4461519F184228A5000D4745 /* RecordMe.app */,
				446151BA184228A5000D4745 /* RecordMeTests.xctest */,
			);
			name = Products;
			sourceTree = "<group>";
		};
		446151A1184228A5000D4745 /* Frameworks */ = {
			isa = PBXGroup;
			children = (
				4937D87E1847580400A802E7 /* Reveal.framework */,
				49A8E81B18434BDA0018341A /* Accelerate.framework */,
				446151A2184228A5000D4745 /* Foundation.framework */,
				446151A4184228A5000D4745 /* CoreGraphics.framework */,
				446151A6184228A5000D4745 /* UIKit.framework */,
				446151BB184228A5000D4745 /* XCTest.framework */,
				D1CA57E2F1414156B4A6086B /* libPods-RecordMe.a */,
			);
			name = Frameworks;
			sourceTree = "<group>";
		};
		446151A8184228A5000D4745 /* RecordMe */ = {
			isa = PBXGroup;
			children = (
				49A0EAEA18444A2E004B8D31 /* ViewController */,
				494936F11842F572001CC484 /* View */,
				446151B1184228A5000D4745 /* YQAppDelegate.h */,
				446151B2184228A5000D4745 /* YQAppDelegate.m */,
				446151B4184228A5000D4745 /* Images.xcassets */,
				446151A9184228A5000D4745 /* Supporting Files */,
				36867679533CE26C31A2096D /* Model */,
			);
			path = RecordMe;
			sourceTree = "<group>";
		};
		446151A9184228A5000D4745 /* Supporting Files */ = {
			isa = PBXGroup;
			children = (
				446151AA184228A5000D4745 /* RecordMe-Info.plist */,
				446151AB184228A5000D4745 /* InfoPlist.strings */,
				446151AE184228A5000D4745 /* main.m */,
				446151B0184228A5000D4745 /* RecordMe-Prefix.pch */,
			);
			name = "Supporting Files";
			sourceTree = "<group>";
		};
		446151C1184228A5000D4745 /* RecordMeTests */ = {
			isa = PBXGroup;
			children = (
				446151C7184228A5000D4745 /* RecordMeTests.m */,
				446151C2184228A5000D4745 /* Supporting Files */,
			);
			path = RecordMeTests;
			sourceTree = "<group>";
		};
		446151C2184228A5000D4745 /* Supporting Files */ = {
			isa = PBXGroup;
			children = (
				446151C3184228A5000D4745 /* RecordMeTests-Info.plist */,
				446151C4184228A5000D4745 /* InfoPlist.strings */,
			);
			name = "Supporting Files";
			sourceTree = "<group>";
		};
		494936F11842F572001CC484 /* View */ = {
			isa = PBXGroup;
			children = (
				494936F21842F5DB001CC484 /* YQCircularImageView.h */,
				494936F31842F5DB001CC484 /* YQCircularImageView.m */,
			);
			path = View;
			sourceTree = "<group>";
		};
		49A0EAEA18444A2E004B8D31 /* ViewController */ = {
			isa = PBXGroup;
			children = (
				493DE51618432CB1004C5B8A /* YQMainViewController.xib */,
				446151D318423CBA000D4745 /* YQMainViewController.h */,
				446151D418423CBA000D4745 /* YQMainViewController.m */,
				49A0EAEB18444A7E004B8D31 /* YQListViewController.h */,
				49A0EAEC18444A7E004B8D31 /* YQListViewController.m */,
				49A0EAED18444A7E004B8D31 /* YQListViewController.xib */,
			);
			path = ViewController;
			sourceTree = "<group>";
		};
		49A8E81D18434D330018341A /* icons */ = {
			isa = PBXGroup;
			children = (
				4415807318438B9D00D8ECE3 /* add.png */,
				4415807418438B9D00D8ECE3 /* calendar.png */,
				4415807518438B9D00D8ECE3 /* heart.png */,
				4415807618438B9D00D8ECE3 /* settings.png */,
				49A8E81E18434D330018341A /* arrow.png */,
				49A8E81F18434D330018341A /* attachment.png */,
				49A8E82018434D330018341A /* block.png */,
				49A8E82118434D330018341A /* bluetooth.png */,
				49A8E82218434D330018341A /* cube.png */,
				49A8E82318434D330018341A /* download.png */,
				49A8E82418434D330018341A /* enter.png */,
				49A8E82518434D340018341A /* file.png */,
				49A8E82618434D340018341A /* github.png */,
			);
			path = icons;
			sourceTree = "<group>";
		};
/* End PBXGroup section */

/* Begin PBXNativeTarget section */
		4461519E184228A5000D4745 /* RecordMe */ = {
			isa = PBXNativeTarget;
			buildConfigurationList = 446151CB184228A5000D4745 /* Build configuration list for PBXNativeTarget "RecordMe" */;
			buildPhases = (
				BA74D60DAED94F1FB0B53B99 /* Check Pods Manifest.lock */,
				4461519B184228A5000D4745 /* Sources */,
				4461519C184228A5000D4745 /* Frameworks */,
				4461519D184228A5000D4745 /* Resources */,
				D700C1F33B26453799BDF911 /* Copy Pods Resources */,
			);
			buildRules = (
			);
			dependencies = (
			);
			name = RecordMe;
			productName = RecordMe;
			productReference = 4461519F184228A5000D4745 /* RecordMe.app */;
			productType = "com.apple.product-type.application";
		};
		446151B9184228A5000D4745 /* RecordMeTests */ = {
			isa = PBXNativeTarget;
			buildConfigurationList = 446151CE184228A5000D4745 /* Build configuration list for PBXNativeTarget "RecordMeTests" */;
			buildPhases = (
				446151B6184228A5000D4745 /* Sources */,
				446151B7184228A5000D4745 /* Frameworks */,
				446151B8184228A5000D4745 /* Resources */,
			);
			buildRules = (
			);
			dependencies = (
				446151C0184228A5000D4745 /* PBXTargetDependency */,
			);
			name = RecordMeTests;
			productName = RecordMeTests;
			productReference = 446151BA184228A5000D4745 /* RecordMeTests.xctest */;
			productType = "com.apple.product-type.bundle.unit-test";
		};
/* End PBXNativeTarget section */

/* Begin PBXProject section */
		44615197184228A5000D4745 /* Project object */ = {
			isa = PBXProject;
			attributes = {
				CLASSPREFIX = YQ;
				LastUpgradeCheck = 0500;
				ORGANIZATIONNAME = YQ;
				TargetAttributes = {
					446151B9184228A5000D4745 = {
						TestTargetID = 4461519E184228A5000D4745;
					};
				};
			};
			buildConfigurationList = 4461519A184228A5000D4745 /* Build configuration list for PBXProject "RecordMe" */;
			compatibilityVersion = "Xcode 3.2";
			developmentRegion = English;
			hasScannedForEncodings = 0;
			knownRegions = (
				en,
			);
			mainGroup = 44615196184228A5000D4745;
			productRefGroup = 446151A0184228A5000D4745 /* Products */;
			projectDirPath = "";
			projectRoot = "";
			targets = (
				4461519E184228A5000D4745 /* RecordMe */,
				446151B9184228A5000D4745 /* RecordMeTests */,
			);
		};
/* End PBXProject section */

/* Begin PBXResourcesBuildPhase section */
		4461519D184228A5000D4745 /* Resources */ = {
			isa = PBXResourcesBuildPhase;
			buildActionMask = 2147483647;
			files = (
				4415807918438B9D00D8ECE3 /* heart.png in Resources */,
				49A8E82818434D340018341A /* attachment.png in Resources */,
				49A8E82C18434D340018341A /* download.png in Resources */,
				4415807A18438B9D00D8ECE3 /* settings.png in Resources */,
				49A8E82918434D340018341A /* block.png in Resources */,
				49A8E82B18434D340018341A /* cube.png in Resources */,
				49A8E82F18434D340018341A /* github.png in Resources */,
				446151AD184228A5000D4745 /* InfoPlist.strings in Resources */,
				49A8E82D18434D340018341A /* enter.png in Resources */,
				4415807818438B9D00D8ECE3 /* calendar.png in Resources */,
				49A0EAEF18444A7E004B8D31 /* YQListViewController.xib in Resources */,
				4415807718438B9D00D8ECE3 /* add.png in Resources */,
				446151B5184228A5000D4745 /* Images.xcassets in Resources */,
				36867CF8A4B04EF134F8DC0F /* avatar.png in Resources */,
				49A8E82718434D340018341A /* arrow.png in Resources */,
				49A8E82A18434D340018341A /* bluetooth.png in Resources */,
				493DE51718432CB1004C5B8A /* YQMainViewController.xib in Resources */,
				49A8E82E18434D340018341A /* file.png in Resources */,
			);
			runOnlyForDeploymentPostprocessing = 0;
		};
		446151B8184228A5000D4745 /* Resources */ = {
			isa = PBXResourcesBuildPhase;
			buildActionMask = 2147483647;
			files = (
				446151C6184228A5000D4745 /* InfoPlist.strings in Resources */,
			);
			runOnlyForDeploymentPostprocessing = 0;
		};
/* End PBXResourcesBuildPhase section */

/* Begin PBXShellScriptBuildPhase section */
		BA74D60DAED94F1FB0B53B99 /* Check Pods Manifest.lock */ = {
			isa = PBXShellScriptBuildPhase;
			buildActionMask = 2147483647;
			files = (
			);
			inputPaths = (
			);
			name = "Check Pods Manifest.lock";
			outputPaths = (
			);
			runOnlyForDeploymentPostprocessing = 0;
			shellPath = /bin/sh;
			shellScript = "diff \"${PODS_ROOT}/../Podfile.lock\" \"${PODS_ROOT}/Manifest.lock\" > /dev/null\nif [[ $? != 0 ]] ; then\n    cat << EOM\nerror: The sandbox is not in sync with the Podfile.lock. Run 'pod install' or update your CocoaPods installation.\nEOM\n    exit 1\nfi\n";
			showEnvVarsInLog = 0;
		};
		D700C1F33B26453799BDF911 /* Copy Pods Resources */ = {
			isa = PBXShellScriptBuildPhase;
			buildActionMask = 2147483647;
			files = (
			);
			inputPaths = (
			);
			name = "Copy Pods Resources";
			outputPaths = (
			);
			runOnlyForDeploymentPostprocessing = 0;
			shellPath = /bin/sh;
			shellScript = "\"${SRCROOT}/Pods/Pods-RecordMe-resources.sh\"\n";
			showEnvVarsInLog = 0;
		};
/* End PBXShellScriptBuildPhase section */

/* Begin PBXSourcesBuildPhase section */
		4461519B184228A5000D4745 /* Sources */ = {
			isa = PBXSourcesBuildPhase;
			buildActionMask = 2147483647;
			files = (
				446151B3184228A5000D4745 /* YQAppDelegate.m in Sources */,
				446151AF184228A5000D4745 /* main.m in Sources */,
				446151D618423CBA000D4745 /* YQMainViewController.m in Sources */,
				49A0EAEE18444A7E004B8D31 /* YQListViewController.m in Sources */,
				494936F41842F5DB001CC484 /* YQCircularImageView.m in Sources */,
				36867B9D3B9EECB6DF5F3205 /* YQEvent.m in Sources */,
			);
			runOnlyForDeploymentPostprocessing = 0;
		};
		446151B6184228A5000D4745 /* Sources */ = {
			isa = PBXSourcesBuildPhase;
			buildActionMask = 2147483647;
			files = (
				446151C8184228A5000D4745 /* RecordMeTests.m in Sources */,
			);
			runOnlyForDeploymentPostprocessing = 0;
		};
/* End PBXSourcesBuildPhase section */

/* Begin PBXTargetDependency section */
		446151C0184228A5000D4745 /* PBXTargetDependency */ = {
			isa = PBXTargetDependency;
			target = 4461519E184228A5000D4745 /* RecordMe */;
			targetProxy = 446151BF184228A5000D4745 /* PBXContainerItemProxy */;
		};
/* End PBXTargetDependency section */

/* Begin PBXVariantGroup section */
		446151AB184228A5000D4745 /* InfoPlist.strings */ = {
			isa = PBXVariantGroup;
			children = (
				446151AC184228A5000D4745 /* en */,
			);
			name = InfoPlist.strings;
			sourceTree = "<group>";
		};
		446151C4184228A5000D4745 /* InfoPlist.strings */ = {
			isa = PBXVariantGroup;
			children = (
				446151C5184228A5000D4745 /* en */,
			);
			name = InfoPlist.strings;
			sourceTree = "<group>";
		};
/* End PBXVariantGroup section */

/* Begin XCBuildConfiguration section */
		446151C9184228A5000D4745 /* Debug */ = {
			isa = XCBuildConfiguration;
			buildSettings = {
				ALWAYS_SEARCH_USER_PATHS = NO;
				ARCHS = "$(ARCHS_STANDARD_INCLUDING_64_BIT)";
				CLANG_CXX_LANGUAGE_STANDARD = "gnu++0x";
				CLANG_CXX_LIBRARY = "libc++";
				CLANG_ENABLE_MODULES = YES;
				CLANG_ENABLE_OBJC_ARC = YES;
				CLANG_WARN_BOOL_CONVERSION = YES;
				CLANG_WARN_CONSTANT_CONVERSION = YES;
				CLANG_WARN_DIRECT_OBJC_ISA_USAGE = YES_ERROR;
				CLANG_WARN_EMPTY_BODY = YES;
				CLANG_WARN_ENUM_CONVERSION = YES;
				CLANG_WARN_INT_CONVERSION = YES;
				CLANG_WARN_OBJC_ROOT_CLASS = YES_ERROR;
				CLANG_WARN__DUPLICATE_METHOD_MATCH = YES;
				"CODE_SIGN_IDENTITY[sdk=iphoneos*]" = "iPhone Developer";
				COPY_PHASE_STRIP = NO;
				GCC_C_LANGUAGE_STANDARD = gnu99;
				GCC_DYNAMIC_NO_PIC = NO;
				GCC_OPTIMIZATION_LEVEL = 0;
				GCC_PREPROCESSOR_DEFINITIONS = (
					"DEBUG=1",
					"$(inherited)",
				);
				GCC_SYMBOLS_PRIVATE_EXTERN = NO;
				GCC_WARN_64_TO_32_BIT_CONVERSION = YES;
				GCC_WARN_ABOUT_RETURN_TYPE = YES_ERROR;
				GCC_WARN_UNDECLARED_SELECTOR = YES;
				GCC_WARN_UNINITIALIZED_AUTOS = YES;
				GCC_WARN_UNUSED_FUNCTION = YES;
				GCC_WARN_UNUSED_VARIABLE = YES;
				IPHONEOS_DEPLOYMENT_TARGET = 7.0;
				ONLY_ACTIVE_ARCH = YES;
				SDKROOT = iphoneos;
				TARGETED_DEVICE_FAMILY = "1,2";
			};
			name = Debug;
		};
		446151CA184228A5000D4745 /* Release */ = {
			isa = XCBuildConfiguration;
			buildSettings = {
				ALWAYS_SEARCH_USER_PATHS = NO;
				ARCHS = "$(ARCHS_STANDARD_INCLUDING_64_BIT)";
				CLANG_CXX_LANGUAGE_STANDARD = "gnu++0x";
				CLANG_CXX_LIBRARY = "libc++";
				CLANG_ENABLE_MODULES = YES;
				CLANG_ENABLE_OBJC_ARC = YES;
				CLANG_WARN_BOOL_CONVERSION = YES;
				CLANG_WARN_CONSTANT_CONVERSION = YES;
				CLANG_WARN_DIRECT_OBJC_ISA_USAGE = YES_ERROR;
				CLANG_WARN_EMPTY_BODY = YES;
				CLANG_WARN_ENUM_CONVERSION = YES;
				CLANG_WARN_INT_CONVERSION = YES;
				CLANG_WARN_OBJC_ROOT_CLASS = YES_ERROR;
				CLANG_WARN__DUPLICATE_METHOD_MATCH = YES;
				"CODE_SIGN_IDENTITY[sdk=iphoneos*]" = "iPhone Developer";
				COPY_PHASE_STRIP = YES;
				ENABLE_NS_ASSERTIONS = NO;
				GCC_C_LANGUAGE_STANDARD = gnu99;
				GCC_WARN_64_TO_32_BIT_CONVERSION = YES;
				GCC_WARN_ABOUT_RETURN_TYPE = YES_ERROR;
				GCC_WARN_UNDECLARED_SELECTOR = YES;
				GCC_WARN_UNINITIALIZED_AUTOS = YES;
				GCC_WARN_UNUSED_FUNCTION = YES;
				GCC_WARN_UNUSED_VARIABLE = YES;
				IPHONEOS_DEPLOYMENT_TARGET = 7.0;
				SDKROOT = iphoneos;
				TARGETED_DEVICE_FAMILY = "1,2";
				VALIDATE_PRODUCT = YES;
			};
			name = Release;
		};
		446151CC184228A5000D4745 /* Debug */ = {
			isa = XCBuildConfiguration;
			baseConfigurationReference = 78A344355F034F958F572860 /* Pods-RecordMe.xcconfig */;
			buildSettings = {
				ASSETCATALOG_COMPILER_APPICON_NAME = AppIcon;
				ASSETCATALOG_COMPILER_LAUNCHIMAGE_NAME = LaunchImage;
				FRAMEWORK_SEARCH_PATHS = (
					"$(inherited)",
					/Users/twer/Downloads,
					/Users/twer/Development/RecordMe/Framework,
				);
				GCC_PRECOMPILE_PREFIX_HEADER = YES;
				GCC_PREFIX_HEADER = "RecordMe/RecordMe-Prefix.pch";
				INFOPLIST_FILE = "RecordMe/RecordMe-Info.plist";
				PRODUCT_NAME = "$(TARGET_NAME)";
				WRAPPER_EXTENSION = app;
			};
			name = Debug;
		};
		446151CD184228A5000D4745 /* Release */ = {
			isa = XCBuildConfiguration;
			baseConfigurationReference = 78A344355F034F958F572860 /* Pods-RecordMe.xcconfig */;
			buildSettings = {
				ASSETCATALOG_COMPILER_APPICON_NAME = AppIcon;
				ASSETCATALOG_COMPILER_LAUNCHIMAGE_NAME = LaunchImage;
				FRAMEWORK_SEARCH_PATHS = (
					"$(inherited)",
					/Users/twer/Downloads,
					/Users/twer/Development/RecordMe/Framework,
				);
				GCC_PRECOMPILE_PREFIX_HEADER = YES;
				GCC_PREFIX_HEADER = "RecordMe/RecordMe-Prefix.pch";
				INFOPLIST_FILE = "RecordMe/RecordMe-Info.plist";
				PRODUCT_NAME = "$(TARGET_NAME)";
				WRAPPER_EXTENSION = app;
			};
			name = Release;
		};
		446151CF184228A5000D4745 /* Debug */ = {
			isa = XCBuildConfiguration;
			buildSettings = {
				ARCHS = "$(ARCHS_STANDARD_INCLUDING_64_BIT)";
				BUNDLE_LOADER = "$(BUILT_PRODUCTS_DIR)/RecordMe.app/RecordMe";
				FRAMEWORK_SEARCH_PATHS = (
					"$(SDKROOT)/Developer/Library/Frameworks",
					"$(inherited)",
					"$(DEVELOPER_FRAMEWORKS_DIR)",
				);
				GCC_PRECOMPILE_PREFIX_HEADER = YES;
				GCC_PREFIX_HEADER = "RecordMe/RecordMe-Prefix.pch";
				GCC_PREPROCESSOR_DEFINITIONS = (
					"DEBUG=1",
					"$(inherited)",
				);
				INFOPLIST_FILE = "RecordMeTests/RecordMeTests-Info.plist";
				PRODUCT_NAME = "$(TARGET_NAME)";
				TEST_HOST = "$(BUNDLE_LOADER)";
				WRAPPER_EXTENSION = xctest;
			};
			name = Debug;
		};
		446151D0184228A5000D4745 /* Release */ = {
			isa = XCBuildConfiguration;
			buildSettings = {
				ARCHS = "$(ARCHS_STANDARD_INCLUDING_64_BIT)";
				BUNDLE_LOADER = "$(BUILT_PRODUCTS_DIR)/RecordMe.app/RecordMe";
				FRAMEWORK_SEARCH_PATHS = (
					"$(SDKROOT)/Developer/Library/Frameworks",
					"$(inherited)",
					"$(DEVELOPER_FRAMEWORKS_DIR)",
				);
				GCC_PRECOMPILE_PREFIX_HEADER = YES;
				GCC_PREFIX_HEADER = "RecordMe/RecordMe-Prefix.pch";
				INFOPLIST_FILE = "RecordMeTests/RecordMeTests-Info.plist";
				PRODUCT_NAME = "$(TARGET_NAME)";
				TEST_HOST = "$(BUNDLE_LOADER)";
				WRAPPER_EXTENSION = xctest;
			};
			name = Release;
		};
/* End XCBuildConfiguration section */

/* Begin XCConfigurationList section */
		4461519A184228A5000D4745 /* Build configuration list for PBXProject "RecordMe" */ = {
			isa = XCConfigurationList;
			buildConfigurations = (
				446151C9184228A5000D4745 /* Debug */,
				446151CA184228A5000D4745 /* Release */,
			);
			defaultConfigurationIsVisible = 0;
			defaultConfigurationName = Release;
		};
		446151CB184228A5000D4745 /* Build configuration list for PBXNativeTarget "RecordMe" */ = {
			isa = XCConfigurationList;
			buildConfigurations = (
				446151CC184228A5000D4745 /* Debug */,
				446151CD184228A5000D4745 /* Release */,
			);
			defaultConfigurationIsVisible = 0;
			defaultConfigurationName = Release;
		};
		446151CE184228A5000D4745 /* Build configuration list for PBXNativeTarget "RecordMeTests" */ = {
			isa = XCConfigurationList;
			buildConfigurations = (
				446151CF184228A5000D4745 /* Debug */,
				446151D0184228A5000D4745 /* Release */,
			);
			defaultConfigurationIsVisible = 0;
			defaultConfigurationName = Release;
		};
/* End XCConfigurationList section */
	};
	rootObject = 44615197184228A5000D4745 /* Project object */;
}
